PODS:
  - AMScrollingNavbar (1.3.4)
  - EstimoteSDK (2.4.0)
  - INTULocationManager (2.0.2)
  - pop (1.0.7)
  - RESideMenu (4.0.7)
  - SVProgressHUD (1.1.2)
  - VBFPopFlatButton (0.0.6):
    - pop

DEPENDENCIES:
  - AMScrollingNavbar
  - EstimoteSDK
  - INTULocationManager
  - RESideMenu (~> 4.0.7)
  - SVProgressHUD
  - VBFPopFlatButton

SPEC CHECKSUMS:
  AMScrollingNavbar: 3318f0cc0fd24c972d5e8c84112edcfe61529506
  EstimoteSDK: d130c9d111b1c0522222afc97b43f245660cbd7c
  INTULocationManager: 4eb51ce242d95950676a535208056d9cb246d879
  pop: 628ffc631644601567ee8bfaaaea493ebd7d0923
  RESideMenu: f24c508404b49c667344c54aba7e590883533958
  SVProgressHUD: 3afb875b9eb23acd1bed9b82495695c68621a8b2
  VBFPopFlatButton: 782344da63f104c279a857d806e065117a7e1196

COCOAPODS: 0.35.0
