// !$*UTF8*$!
{
	archiveVersion = 1;
	classes = {
	};
	objectVersion = 46;
	objects = {

/* Begin PBXBuildFile section */
		30788D4A1B8A6049002A598C /* PXAlertView+Customization.m in Sources */ = {isa = PBXBuildFile; fileRef = 30788D451B8A6049002A598C /* PXAlertView+Customization.m */; };
		30788D4B1B8A6049002A598C /* PXAlertView.m in Sources */ = {isa = PBXBuildFile; fileRef = 30788D471B8A6049002A598C /* PXAlertView.m */; };
		30788D4C1B8A6049002A598C /* UIAlertView+PXAlertViewOverride.m in Sources */ = {isa = PBXBuildFile; fileRef = 30788D491B8A6049002A598C /* UIAlertView+PXAlertViewOverride.m */; };
		308E0D9C1B6463EC0007DFCE /* MediaPlayer.framework in Frameworks */ = {isa = PBXBuildFile; fileRef = 308E0D9B1B6463EC0007DFCE /* MediaPlayer.framework */; };
		30916CDE1AF0928B00327CAA /* NSObject+MGEvents.m in Sources */ = {isa = PBXBuildFile; fileRef = 30916CC91AF0928B00327CAA /* NSObject+MGEvents.m */; };
		30916CDF1AF0928B00327CAA /* UIView+MGEasyFrame.m in Sources */ = {isa = PBXBuildFile; fileRef = 30916CCB1AF0928B00327CAA /* UIView+MGEasyFrame.m */; };
		30916CE01AF0928B00327CAA /* MGBlockWrapper.m in Sources */ = {isa = PBXBuildFile; fileRef = 30916CCE1AF0928B00327CAA /* MGBlockWrapper.m */; };
		30916CE11AF0928B00327CAA /* MGBox.m in Sources */ = {isa = PBXBuildFile; fileRef = 30916CD01AF0928B00327CAA /* MGBox.m */; };
		30916CE21AF0928B00327CAA /* MGButton.m in Sources */ = {isa = PBXBuildFile; fileRef = 30916CD21AF0928B00327CAA /* MGButton.m */; };
		30916CE31AF0928B00327CAA /* MGLayoutManager.m in Sources */ = {isa = PBXBuildFile; fileRef = 30916CD51AF0928B00327CAA /* MGLayoutManager.m */; };
		30916CE41AF0928B00327CAA /* MGLine.m in Sources */ = {isa = PBXBuildFile; fileRef = 30916CD71AF0928B00327CAA /* MGLine.m */; };
		30916CE51AF0928B00327CAA /* MGScrollView.m in Sources */ = {isa = PBXBuildFile; fileRef = 30916CD91AF0928B00327CAA /* MGScrollView.m */; };
		30916CE61AF0928B00327CAA /* MGTableBox.m in Sources */ = {isa = PBXBuildFile; fileRef = 30916CDB1AF0928B00327CAA /* MGTableBox.m */; };
		30916CE71AF0928B00327CAA /* MGTableBoxStyled.m in Sources */ = {isa = PBXBuildFile; fileRef = 30916CDD1AF0928B00327CAA /* MGTableBoxStyled.m */; };
		3092A3051B89480D00347BE5 /* MapKit.framework in Frameworks */ = {isa = PBXBuildFile; fileRef = 3092A3041B89480D00347BE5 /* MapKit.framework */; };
		30930A5F1AEC77CB00B44E58 /* AVFoundation.framework in Frameworks */ = {isa = PBXBuildFile; fileRef = 30930A5E1AEC77CB00B44E58 /* AVFoundation.framework */; };
		3093C0C41B09793C00EEC6F7 /* CarbonSwipeRefresh.m in Sources */ = {isa = PBXBuildFile; fileRef = 3093C0C11B09793C00EEC6F7 /* CarbonSwipeRefresh.m */; };
		3093C0C51B09793C00EEC6F7 /* CarbonTabSwipeNavigation.m in Sources */ = {isa = PBXBuildFile; fileRef = 3093C0C31B09793C00EEC6F7 /* CarbonTabSwipeNavigation.m */; };
		3093E2721B1443C100C454CF /* JavaScriptCore.framework in Frameworks */ = {isa = PBXBuildFile; fileRef = 3093E2711B1443C100C454CF /* JavaScriptCore.framework */; };
		309483131AFF3325005E44B9 /* AHKActionSheet.m in Sources */ = {isa = PBXBuildFile; fileRef = 3094830C1AFF3325005E44B9 /* AHKActionSheet.m */; };
		309483141AFF3325005E44B9 /* AHKActionSheetViewController.m in Sources */ = {isa = PBXBuildFile; fileRef = 3094830E1AFF3325005E44B9 /* AHKActionSheetViewController.m */; };
		309483151AFF3325005E44B9 /* UIImage+AHKAdditions.m in Sources */ = {isa = PBXBuildFile; fileRef = 309483101AFF3325005E44B9 /* UIImage+AHKAdditions.m */; };
		309483161AFF3325005E44B9 /* UIWindow+AHKAdditions.m in Sources */ = {isa = PBXBuildFile; fileRef = 309483121AFF3325005E44B9 /* UIWindow+AHKAdditions.m */; };
		3096DF8F1B78459800031465 /* RMSaveButton.m in Sources */ = {isa = PBXBuildFile; fileRef = 3096DF8E1B78459800031465 /* RMSaveButton.m */; };
		309AE31E1B094D1B004CF1E2 /* CoreData.framework in Frameworks */ = {isa = PBXBuildFile; fileRef = 309AE31D1B094D1B004CF1E2 /* CoreData.framework */; };
		309AE3211B094D61004CF1E2 /* Model.xcdatamodeld in Sources */ = {isa = PBXBuildFile; fileRef = 309AE31F1B094D61004CF1E2 /* Model.xcdatamodeld */; };
		30B44DCF1B243F0D008CBD69 /* LaunchScreen.xib in Resources */ = {isa = PBXBuildFile; fileRef = 30B44DCE1B243F0D008CBD69 /* LaunchScreen.xib */; };
		30C7B7A71B8ADB8800A4AA24 /* FacebookSDK.framework in Frameworks */ = {isa = PBXBuildFile; fileRef = 30C7B7A31B8ADB8800A4AA24 /* FacebookSDK.framework */; };
		30C7B7A81B8ADB8800A4AA24 /* Parse.framework in Frameworks */ = {isa = PBXBuildFile; fileRef = 30C7B7A41B8ADB8800A4AA24 /* Parse.framework */; };
		30C7B7A91B8ADB8800A4AA24 /* ParseFacebookUtils.framework in Frameworks */ = {isa = PBXBuildFile; fileRef = 30C7B7A51B8ADB8800A4AA24 /* ParseFacebookUtils.framework */; };
		30DC87DF1B7FD1B300A7ABD8 /* libXCDYouTubeKit.a in Frameworks */ = {isa = PBXBuildFile; fileRef = 30DC87DE1B7FD1B300A7ABD8 /* libXCDYouTubeKit.a */; };
		30DC87E91B7FD45800A7ABD8 /* JukeBoxCell.m in Sources */ = {isa = PBXBuildFile; fileRef = 30DC87E21B7FD45800A7ABD8 /* JukeBoxCell.m */; };
		30DC87EB1B7FD45800A7ABD8 /* SongCell.m in Sources */ = {isa = PBXBuildFile; fileRef = 30DC87E61B7FD45800A7ABD8 /* SongCell.m */; };
		30DC87EC1B7FD45800A7ABD8 /* VoteCell.m in Sources */ = {isa = PBXBuildFile; fileRef = 30DC87E81B7FD45800A7ABD8 /* VoteCell.m */; };
		30DC87F81B7FD4D900A7ABD8 /* DEMOLeftMenuViewController.m in Sources */ = {isa = PBXBuildFile; fileRef = 30DC87EF1B7FD4D900A7ABD8 /* DEMOLeftMenuViewController.m */; };
		30DC87F91B7FD4D900A7ABD8 /* JukeboxListViewController.m in Sources */ = {isa = PBXBuildFile; fileRef = 30DC87F11B7FD4D900A7ABD8 /* JukeboxListViewController.m */; };
		30DC87FA1B7FD4D900A7ABD8 /* LibraryViewController.m in Sources */ = {isa = PBXBuildFile; fileRef = 30DC87F31B7FD4D900A7ABD8 /* LibraryViewController.m */; };
		30DC87FB1B7FD4D900A7ABD8 /* MediaPlayerViewController.m in Sources */ = {isa = PBXBuildFile; fileRef = 30DC87F51B7FD4D900A7ABD8 /* MediaPlayerViewController.m */; };
		30DC87FC1B7FD4D900A7ABD8 /* SearchYoutubeViewController.m in Sources */ = {isa = PBXBuildFile; fileRef = 30DC87F71B7FD4D900A7ABD8 /* SearchYoutubeViewController.m */; };
		30DC88021B7FD60A00A7ABD8 /* JukeboxEntry.m in Sources */ = {isa = PBXBuildFile; fileRef = 30DC87FF1B7FD60A00A7ABD8 /* JukeboxEntry.m */; };
		30DC88031B7FD60A00A7ABD8 /* Song.m in Sources */ = {isa = PBXBuildFile; fileRef = 30DC88011B7FD60A00A7ABD8 /* Song.m */; };
		30DC880C1B7FD79800A7ABD8 /* AppDelegate.m in Sources */ = {isa = PBXBuildFile; fileRef = 30DC88071B7FD79800A7ABD8 /* AppDelegate.m */; };
		30DC880D1B7FD79800A7ABD8 /* JBCoreDataStack.m in Sources */ = {isa = PBXBuildFile; fileRef = 30DC88091B7FD79800A7ABD8 /* JBCoreDataStack.m */; };
		30DC880E1B7FD79800A7ABD8 /* MediaManager.m in Sources */ = {isa = PBXBuildFile; fileRef = 30DC880B1B7FD79800A7ABD8 /* MediaManager.m */; };
		30DC88141B7FD87100A7ABD8 /* VideoLink.m in Sources */ = {isa = PBXBuildFile; fileRef = 30DC88111B7FD87100A7ABD8 /* VideoLink.m */; };
		30DC88151B7FD87100A7ABD8 /* VideoModel.m in Sources */ = {isa = PBXBuildFile; fileRef = 30DC88131B7FD87100A7ABD8 /* VideoModel.m */; };
		30DC88181B7FD9F000A7ABD8 /* JukeboxPostViewController.m in Sources */ = {isa = PBXBuildFile; fileRef = 30DC88171B7FD9F000A7ABD8 /* JukeboxPostViewController.m */; };
		30DC881E1B812E4D00A7ABD8 /* AudioToolbox.framework in Frameworks */ = {isa = PBXBuildFile; fileRef = 30DC881D1B812E4D00A7ABD8 /* AudioToolbox.framework */; };
		30DC88201B812E5600A7ABD8 /* CFNetwork.framework in Frameworks */ = {isa = PBXBuildFile; fileRef = 30DC881F1B812E5600A7ABD8 /* CFNetwork.framework */; };
		30DC88211B812E6000A7ABD8 /* CoreGraphics.framework in Frameworks */ = {isa = PBXBuildFile; fileRef = 9CA623E0169591AC003F6334 /* CoreGraphics.framework */; };
		30DC88231B812E6800A7ABD8 /* CoreLocation.framework in Frameworks */ = {isa = PBXBuildFile; fileRef = 30DC88221B812E6800A7ABD8 /* CoreLocation.framework */; };
		30DC88251B812E8400A7ABD8 /* Security.framework in Frameworks */ = {isa = PBXBuildFile; fileRef = 30DC88241B812E8400A7ABD8 /* Security.framework */; };
		30DC88271B812E8C00A7ABD8 /* StoreKit.framework in Frameworks */ = {isa = PBXBuildFile; fileRef = 30DC88261B812E8C00A7ABD8 /* StoreKit.framework */; };
		30DC88291B812E9700A7ABD8 /* SystemConfiguration.framework in Frameworks */ = {isa = PBXBuildFile; fileRef = 30DC88281B812E9700A7ABD8 /* SystemConfiguration.framework */; };
		30DC882B1B812EA200A7ABD8 /* libz.dylib in Frameworks */ = {isa = PBXBuildFile; fileRef = 30DC882A1B812EA200A7ABD8 /* libz.dylib */; };
		30DC882D1B812EAE00A7ABD8 /* libsqlite3.dylib in Frameworks */ = {isa = PBXBuildFile; fileRef = 30DC882C1B812EAE00A7ABD8 /* libsqlite3.dylib */; };
		30DC882F1B812ECF00A7ABD8 /* Accounts.framework in Frameworks */ = {isa = PBXBuildFile; fileRef = 30DC882E1B812ECF00A7ABD8 /* Accounts.framework */; };
		30DC88311B812ED400A7ABD8 /* Social.framework in Frameworks */ = {isa = PBXBuildFile; fileRef = 30DC88301B812ED400A7ABD8 /* Social.framework */; };
		30DC883E1B815D2500A7ABD8 /* LoginViewController.m in Sources */ = {isa = PBXBuildFile; fileRef = 30DC883D1B815D2500A7ABD8 /* LoginViewController.m */; };
		30DC88581B81684200A7ABD8 /* MobileCoreServices.framework in Frameworks */ = {isa = PBXBuildFile; fileRef = 30DC88571B81684200A7ABD8 /* MobileCoreServices.framework */; };
		30E201711B5C6E3300D37DA2 /* UIFont+SecretFont.m in Sources */ = {isa = PBXBuildFile; fileRef = 30E201691B5C6E3300D37DA2 /* UIFont+SecretFont.m */; };
		30E201721B5C6E3300D37DA2 /* UIImage+ImageEffects.m in Sources */ = {isa = PBXBuildFile; fileRef = 30E2016B1B5C6E3300D37DA2 /* UIImage+ImageEffects.m */; };
		30E201731B5C6E3300D37DA2 /* UIView+GradientMask.m in Sources */ = {isa = PBXBuildFile; fileRef = 30E2016D1B5C6E3300D37DA2 /* UIView+GradientMask.m */; };
		30E2017E1B5C9C4C00D37DA2 /* MPMoviePlayerController+BackgroundPlayback.m in Sources */ = {isa = PBXBuildFile; fileRef = 30E2017D1B5C9C4C00D37DA2 /* MPMoviePlayerController+BackgroundPlayback.m */; };
		30F663411AECD24A00CF0C12 /* Images.xcassets in Resources */ = {isa = PBXBuildFile; fileRef = 30F663401AECD24A00CF0C12 /* Images.xcassets */; };
		9C9BB3B616BAE6AE00C8AB3A /* JSONModel.m in Sources */ = {isa = PBXBuildFile; fileRef = 9C9BB39F16BAE6AE00C8AB3A /* JSONModel.m */; };
		9C9BB3B716BAE6AE00C8AB3A /* JSONModelArray.m in Sources */ = {isa = PBXBuildFile; fileRef = 9C9BB3A116BAE6AE00C8AB3A /* JSONModelArray.m */; };
		9C9BB3B816BAE6AE00C8AB3A /* JSONModelClassProperty.m in Sources */ = {isa = PBXBuildFile; fileRef = 9C9BB3A316BAE6AE00C8AB3A /* JSONModelClassProperty.m */; };
		9C9BB3B916BAE6AE00C8AB3A /* JSONModelError.m in Sources */ = {isa = PBXBuildFile; fileRef = 9C9BB3A516BAE6AE00C8AB3A /* JSONModelError.m */; };
		9C9BB3BA16BAE6AE00C8AB3A /* NSArray+JSONModel.m in Sources */ = {isa = PBXBuildFile; fileRef = 9C9BB3A816BAE6AE00C8AB3A /* NSArray+JSONModel.m */; };
		9C9BB3BB16BAE6AE00C8AB3A /* JSONAPI.m in Sources */ = {isa = PBXBuildFile; fileRef = 9C9BB3AC16BAE6AE00C8AB3A /* JSONAPI.m */; };
		9C9BB3BC16BAE6AE00C8AB3A /* JSONHTTPClient.m in Sources */ = {isa = PBXBuildFile; fileRef = 9C9BB3AE16BAE6AE00C8AB3A /* JSONHTTPClient.m */; };
		9C9BB3BD16BAE6AE00C8AB3A /* JSONModel+networking.m in Sources */ = {isa = PBXBuildFile; fileRef = 9C9BB3B016BAE6AE00C8AB3A /* JSONModel+networking.m */; };
		9C9BB3BE16BAE6AE00C8AB3A /* JSONKeyMapper.m in Sources */ = {isa = PBXBuildFile; fileRef = 9C9BB3B316BAE6AE00C8AB3A /* JSONKeyMapper.m */; };
		9C9BB3BF16BAE6AE00C8AB3A /* JSONValueTransformer.m in Sources */ = {isa = PBXBuildFile; fileRef = 9C9BB3B516BAE6AE00C8AB3A /* JSONValueTransformer.m */; };
		9CA623DD169591AC003F6334 /* UIKit.framework in Frameworks */ = {isa = PBXBuildFile; fileRef = 9CA623DC169591AC003F6334 /* UIKit.framework */; };
		9CA623DF169591AC003F6334 /* Foundation.framework in Frameworks */ = {isa = PBXBuildFile; fileRef = 9CA623DE169591AC003F6334 /* Foundation.framework */; };
		9CA623E9169591AC003F6334 /* main.m in Sources */ = {isa = PBXBuildFile; fileRef = 9CA623E8169591AC003F6334 /* main.m */; };
		9CA623F6169591AC003F6334 /* MainStoryboard.storyboard in Resources */ = {isa = PBXBuildFile; fileRef = 9CA623F4169591AC003F6334 /* MainStoryboard.storyboard */; };
		9CA6243416959278003F6334 /* QuartzCore.framework in Frameworks */ = {isa = PBXBuildFile; fileRef = 9CA6243316959278003F6334 /* QuartzCore.framework */; };
		9CA624361695927C003F6334 /* CoreText.framework in Frameworks */ = {isa = PBXBuildFile; fileRef = 9CA624351695927C003F6334 /* CoreText.framework */; };
		9CBC4F6D1695DABA00FFE7B9 /* iTunesArtwork in Resources */ = {isa = PBXBuildFile; fileRef = 9CBC4F621695DABA00FFE7B9 /* iTunesArtwork */; };
		9CBC4F701695DAE000FFE7B9 /* Icon.png in Resources */ = {isa = PBXBuildFile; fileRef = 9CBC4F6F1695DAE000FFE7B9 /* Icon.png */; };
		9CBC4F721695DAEA00FFE7B9 /* Icon@2x.png in Resources */ = {isa = PBXBuildFile; fileRef = 9CBC4F711695DAEA00FFE7B9 /* Icon@2x.png */; };
		A939D78D8FB9E486E2BE2F41 /* libPods.a in Frameworks */ = {isa = PBXBuildFile; fileRef = E1DD4CDDF9DDB5D5B1CE3A84 /* libPods.a */; };
/* End PBXBuildFile section */

/* Begin PBXFileReference section */
		30788D441B8A6049002A598C /* PXAlertView+Customization.h */ = {isa = PBXFileReference; fileEncoding = 4; lastKnownFileType = sourcecode.c.h; path = "PXAlertView+Customization.h"; sourceTree = "<group>"; };
		30788D451B8A6049002A598C /* PXAlertView+Customization.m */ = {isa = PBXFileReference; fileEncoding = 4; lastKnownFileType = sourcecode.c.objc; path = "PXAlertView+Customization.m"; sourceTree = "<group>"; };
		30788D461B8A6049002A598C /* PXAlertView.h */ = {isa = PBXFileReference; fileEncoding = 4; lastKnownFileType = sourcecode.c.h; path = PXAlertView.h; sourceTree = "<group>"; };
		30788D471B8A6049002A598C /* PXAlertView.m */ = {isa = PBXFileReference; fileEncoding = 4; lastKnownFileType = sourcecode.c.objc; path = PXAlertView.m; sourceTree = "<group>"; };
		30788D481B8A6049002A598C /* UIAlertView+PXAlertViewOverride.h */ = {isa = PBXFileReference; fileEncoding = 4; lastKnownFileType = sourcecode.c.h; path = "UIAlertView+PXAlertViewOverride.h"; sourceTree = "<group>"; };
		30788D491B8A6049002A598C /* UIAlertView+PXAlertViewOverride.m */ = {isa = PBXFileReference; fileEncoding = 4; lastKnownFileType = sourcecode.c.objc; path = "UIAlertView+PXAlertViewOverride.m"; sourceTree = "<group>"; };
		308E0D9B1B6463EC0007DFCE /* MediaPlayer.framework */ = {isa = PBXFileReference; lastKnownFileType = wrapper.framework; name = MediaPlayer.framework; path = System/Library/Frameworks/MediaPlayer.framework; sourceTree = SDKROOT; };
		308E8B291B8AAA0300DE9472 /* MapPin.h */ = {isa = PBXFileReference; lastKnownFileType = sourcecode.c.h; path = MapPin.h; sourceTree = "<group>"; };
		30916CC81AF0928B00327CAA /* NSObject+MGEvents.h */ = {isa = PBXFileReference; fileEncoding = 4; lastKnownFileType = sourcecode.c.h; path = "NSObject+MGEvents.h"; sourceTree = "<group>"; };
		30916CC91AF0928B00327CAA /* NSObject+MGEvents.m */ = {isa = PBXFileReference; fileEncoding = 4; lastKnownFileType = sourcecode.c.objc; path = "NSObject+MGEvents.m"; sourceTree = "<group>"; };
		30916CCA1AF0928B00327CAA /* UIView+MGEasyFrame.h */ = {isa = PBXFileReference; fileEncoding = 4; lastKnownFileType = sourcecode.c.h; path = "UIView+MGEasyFrame.h"; sourceTree = "<group>"; };
		30916CCB1AF0928B00327CAA /* UIView+MGEasyFrame.m */ = {isa = PBXFileReference; fileEncoding = 4; lastKnownFileType = sourcecode.c.objc; path = "UIView+MGEasyFrame.m"; sourceTree = "<group>"; };
		30916CCC1AF0928B00327CAA /* MGBase.h */ = {isa = PBXFileReference; fileEncoding = 4; lastKnownFileType = sourcecode.c.h; path = MGBase.h; sourceTree = "<group>"; };
		30916CCD1AF0928B00327CAA /* MGBlockWrapper.h */ = {isa = PBXFileReference; fileEncoding = 4; lastKnownFileType = sourcecode.c.h; path = MGBlockWrapper.h; sourceTree = "<group>"; };
		30916CCE1AF0928B00327CAA /* MGBlockWrapper.m */ = {isa = PBXFileReference; fileEncoding = 4; lastKnownFileType = sourcecode.c.objc; path = MGBlockWrapper.m; sourceTree = "<group>"; };
		30916CCF1AF0928B00327CAA /* MGBox.h */ = {isa = PBXFileReference; fileEncoding = 4; lastKnownFileType = sourcecode.c.h; path = MGBox.h; sourceTree = "<group>"; };
		30916CD01AF0928B00327CAA /* MGBox.m */ = {isa = PBXFileReference; fileEncoding = 4; lastKnownFileType = sourcecode.c.objc; path = MGBox.m; sourceTree = "<group>"; };
		30916CD11AF0928B00327CAA /* MGButton.h */ = {isa = PBXFileReference; fileEncoding = 4; lastKnownFileType = sourcecode.c.h; path = MGButton.h; sourceTree = "<group>"; };
		30916CD21AF0928B00327CAA /* MGButton.m */ = {isa = PBXFileReference; fileEncoding = 4; lastKnownFileType = sourcecode.c.objc; path = MGButton.m; sourceTree = "<group>"; };
		30916CD31AF0928B00327CAA /* MGLayoutBox.h */ = {isa = PBXFileReference; fileEncoding = 4; lastKnownFileType = sourcecode.c.h; path = MGLayoutBox.h; sourceTree = "<group>"; };
		30916CD41AF0928B00327CAA /* MGLayoutManager.h */ = {isa = PBXFileReference; fileEncoding = 4; lastKnownFileType = sourcecode.c.h; path = MGLayoutManager.h; sourceTree = "<group>"; };
		30916CD51AF0928B00327CAA /* MGLayoutManager.m */ = {isa = PBXFileReference; fileEncoding = 4; lastKnownFileType = sourcecode.c.objc; path = MGLayoutManager.m; sourceTree = "<group>"; };
		30916CD61AF0928B00327CAA /* MGLine.h */ = {isa = PBXFileReference; fileEncoding = 4; lastKnownFileType = sourcecode.c.h; path = MGLine.h; sourceTree = "<group>"; };
		30916CD71AF0928B00327CAA /* MGLine.m */ = {isa = PBXFileReference; fileEncoding = 4; lastKnownFileType = sourcecode.c.objc; path = MGLine.m; sourceTree = "<group>"; };
		30916CD81AF0928B00327CAA /* MGScrollView.h */ = {isa = PBXFileReference; fileEncoding = 4; lastKnownFileType = sourcecode.c.h; path = MGScrollView.h; sourceTree = "<group>"; };
		30916CD91AF0928B00327CAA /* MGScrollView.m */ = {isa = PBXFileReference; fileEncoding = 4; lastKnownFileType = sourcecode.c.objc; path = MGScrollView.m; sourceTree = "<group>"; };
		30916CDA1AF0928B00327CAA /* MGTableBox.h */ = {isa = PBXFileReference; fileEncoding = 4; lastKnownFileType = sourcecode.c.h; path = MGTableBox.h; sourceTree = "<group>"; };
		30916CDB1AF0928B00327CAA /* MGTableBox.m */ = {isa = PBXFileReference; fileEncoding = 4; lastKnownFileType = sourcecode.c.objc; path = MGTableBox.m; sourceTree = "<group>"; };
		30916CDC1AF0928B00327CAA /* MGTableBoxStyled.h */ = {isa = PBXFileReference; fileEncoding = 4; lastKnownFileType = sourcecode.c.h; path = MGTableBoxStyled.h; sourceTree = "<group>"; };
		30916CDD1AF0928B00327CAA /* MGTableBoxStyled.m */ = {isa = PBXFileReference; fileEncoding = 4; lastKnownFileType = sourcecode.c.objc; path = MGTableBoxStyled.m; sourceTree = "<group>"; };
		3092A3041B89480D00347BE5 /* MapKit.framework */ = {isa = PBXFileReference; lastKnownFileType = wrapper.framework; name = MapKit.framework; path = System/Library/Frameworks/MapKit.framework; sourceTree = SDKROOT; };
		30930A5E1AEC77CB00B44E58 /* AVFoundation.framework */ = {isa = PBXFileReference; lastKnownFileType = wrapper.framework; name = AVFoundation.framework; path = System/Library/Frameworks/AVFoundation.framework; sourceTree = SDKROOT; };
		3093C0BF1B09793C00EEC6F7 /* CarbonKit.h */ = {isa = PBXFileReference; fileEncoding = 4; lastKnownFileType = sourcecode.c.h; path = CarbonKit.h; sourceTree = "<group>"; };
		3093C0C01B09793C00EEC6F7 /* CarbonSwipeRefresh.h */ = {isa = PBXFileReference; fileEncoding = 4; lastKnownFileType = sourcecode.c.h; path = CarbonSwipeRefresh.h; sourceTree = "<group>"; };
		3093C0C11B09793C00EEC6F7 /* CarbonSwipeRefresh.m */ = {isa = PBXFileReference; fileEncoding = 4; lastKnownFileType = sourcecode.c.objc; path = CarbonSwipeRefresh.m; sourceTree = "<group>"; };
		3093C0C21B09793C00EEC6F7 /* CarbonTabSwipeNavigation.h */ = {isa = PBXFileReference; fileEncoding = 4; lastKnownFileType = sourcecode.c.h; path = CarbonTabSwipeNavigation.h; sourceTree = "<group>"; };
		3093C0C31B09793C00EEC6F7 /* CarbonTabSwipeNavigation.m */ = {isa = PBXFileReference; fileEncoding = 4; lastKnownFileType = sourcecode.c.objc; path = CarbonTabSwipeNavigation.m; sourceTree = "<group>"; };
		3093E2711B1443C100C454CF /* JavaScriptCore.framework */ = {isa = PBXFileReference; lastKnownFileType = wrapper.framework; name = JavaScriptCore.framework; path = System/Library/Frameworks/JavaScriptCore.framework; sourceTree = SDKROOT; };
		309482F91AFF2D04005E44B9 /* libPods.a */ = {isa = PBXFileReference; lastKnownFileType = archive.ar; name = libPods.a; path = "Pods/../build/Debug-iphoneos/libPods.a"; sourceTree = "<group>"; };
		309482FB1AFF2D0D005E44B9 /* libPods-AHKActionSheet.a */ = {isa = PBXFileReference; lastKnownFileType = archive.ar; name = "libPods-AHKActionSheet.a"; path = "Pods/../build/Debug-iphoneos/libPods-AHKActionSheet.a"; sourceTree = "<group>"; };
		3094830B1AFF3325005E44B9 /* AHKActionSheet.h */ = {isa = PBXFileReference; fileEncoding = 4; lastKnownFileType = sourcecode.c.h; path = AHKActionSheet.h; sourceTree = "<group>"; };
		3094830C1AFF3325005E44B9 /* AHKActionSheet.m */ = {isa = PBXFileReference; fileEncoding = 4; lastKnownFileType = sourcecode.c.objc; path = AHKActionSheet.m; sourceTree = "<group>"; };
		3094830D1AFF3325005E44B9 /* AHKActionSheetViewController.h */ = {isa = PBXFileReference; fileEncoding = 4; lastKnownFileType = sourcecode.c.h; path = AHKActionSheetViewController.h; sourceTree = "<group>"; };
		3094830E1AFF3325005E44B9 /* AHKActionSheetViewController.m */ = {isa = PBXFileReference; fileEncoding = 4; lastKnownFileType = sourcecode.c.objc; path = AHKActionSheetViewController.m; sourceTree = "<group>"; };
		3094830F1AFF3325005E44B9 /* UIImage+AHKAdditions.h */ = {isa = PBXFileReference; fileEncoding = 4; lastKnownFileType = sourcecode.c.h; path = "UIImage+AHKAdditions.h"; sourceTree = "<group>"; };
		309483101AFF3325005E44B9 /* UIImage+AHKAdditions.m */ = {isa = PBXFileReference; fileEncoding = 4; lastKnownFileType = sourcecode.c.objc; path = "UIImage+AHKAdditions.m"; sourceTree = "<group>"; };
		309483111AFF3325005E44B9 /* UIWindow+AHKAdditions.h */ = {isa = PBXFileReference; fileEncoding = 4; lastKnownFileType = sourcecode.c.h; path = "UIWindow+AHKAdditions.h"; sourceTree = "<group>"; };
		309483121AFF3325005E44B9 /* UIWindow+AHKAdditions.m */ = {isa = PBXFileReference; fileEncoding = 4; lastKnownFileType = sourcecode.c.objc; path = "UIWindow+AHKAdditions.m"; sourceTree = "<group>"; };
		309483171AFF347F005E44B9 /* libPods.a */ = {isa = PBXFileReference; lastKnownFileType = archive.ar; name = libPods.a; path = "Pods/../build/Debug-iphoneos/libPods.a"; sourceTree = "<group>"; };
		309483191AFF356D005E44B9 /* libPods-AFNetworking.a */ = {isa = PBXFileReference; lastKnownFileType = archive.ar; name = "libPods-AFNetworking.a"; path = "Pods/../build/Debug-iphoneos/libPods-AFNetworking.a"; sourceTree = "<group>"; };
		3096DF8D1B78459800031465 /* RMSaveButton.h */ = {isa = PBXFileReference; fileEncoding = 4; lastKnownFileType = sourcecode.c.h; path = RMSaveButton.h; sourceTree = "<group>"; };
		3096DF8E1B78459800031465 /* RMSaveButton.m */ = {isa = PBXFileReference; fileEncoding = 4; lastKnownFileType = sourcecode.c.objc; path = RMSaveButton.m; sourceTree = "<group>"; };
		309AE31D1B094D1B004CF1E2 /* CoreData.framework */ = {isa = PBXFileReference; lastKnownFileType = wrapper.framework; name = CoreData.framework; path = System/Library/Frameworks/CoreData.framework; sourceTree = SDKROOT; };
		309AE3201B094D61004CF1E2 /* Model.xcdatamodel */ = {isa = PBXFileReference; lastKnownFileType = wrapper.xcdatamodel; path = Model.xcdatamodel; sourceTree = "<group>"; };
		30B44DCC1B2424B5008CBD69 /* libXCDYouTubeKit.a */ = {isa = PBXFileReference; lastKnownFileType = archive.ar; name = libXCDYouTubeKit.a; path = "../../../Downloads/XCDYouTubeKit-master/build/Debug-iphoneos/libXCDYouTubeKit.a"; sourceTree = "<group>"; };
		30B44DCE1B243F0D008CBD69 /* LaunchScreen.xib */ = {isa = PBXFileReference; fileEncoding = 4; lastKnownFileType = file.xib; path = LaunchScreen.xib; sourceTree = "<group>"; };
		30C7B7A31B8ADB8800A4AA24 /* FacebookSDK.framework */ = {isa = PBXFileReference; lastKnownFileType = wrapper.framework; name = FacebookSDK.framework; path = Frameworks/FacebookSDK.framework; sourceTree = "<group>"; };
		30C7B7A41B8ADB8800A4AA24 /* Parse.framework */ = {isa = PBXFileReference; lastKnownFileType = wrapper.framework; name = Parse.framework; path = Frameworks/Parse.framework; sourceTree = "<group>"; };
		30C7B7A51B8ADB8800A4AA24 /* ParseFacebookUtils.framework */ = {isa = PBXFileReference; lastKnownFileType = wrapper.framework; name = ParseFacebookUtils.framework; path = Frameworks/ParseFacebookUtils.framework; sourceTree = "<group>"; };
		30DC87DE1B7FD1B300A7ABD8 /* libXCDYouTubeKit.a */ = {isa = PBXFileReference; lastKnownFileType = archive.ar; name = libXCDYouTubeKit.a; path = "XCDYouTubeKit-master/build/Debug-iphoneos/libXCDYouTubeKit.a"; sourceTree = "<group>"; };
		30DC87E11B7FD45800A7ABD8 /* JukeBoxCell.h */ = {isa = PBXFileReference; fileEncoding = 4; lastKnownFileType = sourcecode.c.h; path = JukeBoxCell.h; sourceTree = "<group>"; };
		30DC87E21B7FD45800A7ABD8 /* JukeBoxCell.m */ = {isa = PBXFileReference; fileEncoding = 4; lastKnownFileType = sourcecode.c.objc; path = JukeBoxCell.m; sourceTree = "<group>"; };
		30DC87E51B7FD45800A7ABD8 /* SongCell.h */ = {isa = PBXFileReference; fileEncoding = 4; lastKnownFileType = sourcecode.c.h; path = SongCell.h; sourceTree = "<group>"; };
		30DC87E61B7FD45800A7ABD8 /* SongCell.m */ = {isa = PBXFileReference; fileEncoding = 4; lastKnownFileType = sourcecode.c.objc; path = SongCell.m; sourceTree = "<group>"; };
		30DC87E71B7FD45800A7ABD8 /* VoteCell.h */ = {isa = PBXFileReference; fileEncoding = 4; lastKnownFileType = sourcecode.c.h; path = VoteCell.h; sourceTree = "<group>"; };
		30DC87E81B7FD45800A7ABD8 /* VoteCell.m */ = {isa = PBXFileReference; fileEncoding = 4; lastKnownFileType = sourcecode.c.objc; path = VoteCell.m; sourceTree = "<group>"; };
		30DC87EE1B7FD4D900A7ABD8 /* DEMOLeftMenuViewController.h */ = {isa = PBXFileReference; fileEncoding = 4; lastKnownFileType = sourcecode.c.h; path = DEMOLeftMenuViewController.h; sourceTree = "<group>"; };
		30DC87EF1B7FD4D900A7ABD8 /* DEMOLeftMenuViewController.m */ = {isa = PBXFileReference; fileEncoding = 4; lastKnownFileType = sourcecode.c.objc; path = DEMOLeftMenuViewController.m; sourceTree = "<group>"; };
		30DC87F01B7FD4D900A7ABD8 /* JukeboxListViewController.h */ = {isa = PBXFileReference; fileEncoding = 4; lastKnownFileType = sourcecode.c.h; path = JukeboxListViewController.h; sourceTree = "<group>"; };
		30DC87F11B7FD4D900A7ABD8 /* JukeboxListViewController.m */ = {isa = PBXFileReference; fileEncoding = 4; lastKnownFileType = sourcecode.c.objc; path = JukeboxListViewController.m; sourceTree = "<group>"; };
		30DC87F21B7FD4D900A7ABD8 /* LibraryViewController.h */ = {isa = PBXFileReference; fileEncoding = 4; lastKnownFileType = sourcecode.c.h; path = LibraryViewController.h; sourceTree = "<group>"; };
		30DC87F31B7FD4D900A7ABD8 /* LibraryViewController.m */ = {isa = PBXFileReference; fileEncoding = 4; lastKnownFileType = sourcecode.c.objc; path = LibraryViewController.m; sourceTree = "<group>"; };
		30DC87F41B7FD4D900A7ABD8 /* MediaPlayerViewController.h */ = {isa = PBXFileReference; fileEncoding = 4; lastKnownFileType = sourcecode.c.h; path = MediaPlayerViewController.h; sourceTree = "<group>"; };
		30DC87F51B7FD4D900A7ABD8 /* MediaPlayerViewController.m */ = {isa = PBXFileReference; fileEncoding = 4; lastKnownFileType = sourcecode.c.objc; path = MediaPlayerViewController.m; sourceTree = "<group>"; };
		30DC87F61B7FD4D900A7ABD8 /* SearchYoutubeViewController.h */ = {isa = PBXFileReference; fileEncoding = 4; lastKnownFileType = sourcecode.c.h; path = SearchYoutubeViewController.h; sourceTree = "<group>"; };
		30DC87F71B7FD4D900A7ABD8 /* SearchYoutubeViewController.m */ = {isa = PBXFileReference; fileEncoding = 4; lastKnownFileType = sourcecode.c.objc; path = SearchYoutubeViewController.m; sourceTree = "<group>"; };
		30DC87FE1B7FD60A00A7ABD8 /* JukeboxEntry.h */ = {isa = PBXFileReference; fileEncoding = 4; lastKnownFileType = sourcecode.c.h; path = JukeboxEntry.h; sourceTree = "<group>"; };
		30DC87FF1B7FD60A00A7ABD8 /* JukeboxEntry.m */ = {isa = PBXFileReference; fileEncoding = 4; lastKnownFileType = sourcecode.c.objc; path = JukeboxEntry.m; sourceTree = "<group>"; };
		30DC88001B7FD60A00A7ABD8 /* Song.h */ = {isa = PBXFileReference; fileEncoding = 4; lastKnownFileType = sourcecode.c.h; path = Song.h; sourceTree = "<group>"; };
		30DC88011B7FD60A00A7ABD8 /* Song.m */ = {isa = PBXFileReference; fileEncoding = 4; lastKnownFileType = sourcecode.c.objc; path = Song.m; sourceTree = "<group>"; };
		30DC88051B7FD79800A7ABD8 /* AppConstant.h */ = {isa = PBXFileReference; fileEncoding = 4; lastKnownFileType = sourcecode.c.h; path = AppConstant.h; sourceTree = "<group>"; };
		30DC88061B7FD79800A7ABD8 /* AppDelegate.h */ = {isa = PBXFileReference; fileEncoding = 4; lastKnownFileType = sourcecode.c.h; path = AppDelegate.h; sourceTree = "<group>"; };
		30DC88071B7FD79800A7ABD8 /* AppDelegate.m */ = {isa = PBXFileReference; fileEncoding = 4; lastKnownFileType = sourcecode.c.objc; path = AppDelegate.m; sourceTree = "<group>"; };
		30DC88081B7FD79800A7ABD8 /* JBCoreDataStack.h */ = {isa = PBXFileReference; fileEncoding = 4; lastKnownFileType = sourcecode.c.h; path = JBCoreDataStack.h; sourceTree = "<group>"; };
		30DC88091B7FD79800A7ABD8 /* JBCoreDataStack.m */ = {isa = PBXFileReference; fileEncoding = 4; lastKnownFileType = sourcecode.c.objc; path = JBCoreDataStack.m; sourceTree = "<group>"; };
		30DC880A1B7FD79800A7ABD8 /* MediaManager.h */ = {isa = PBXFileReference; fileEncoding = 4; lastKnownFileType = sourcecode.c.h; path = MediaManager.h; sourceTree = "<group>"; };
		30DC880B1B7FD79800A7ABD8 /* MediaManager.m */ = {isa = PBXFileReference; fileEncoding = 4; lastKnownFileType = sourcecode.c.objc; path = MediaManager.m; sourceTree = "<group>"; };
		30DC88101B7FD87100A7ABD8 /* VideoLink.h */ = {isa = PBXFileReference; fileEncoding = 4; lastKnownFileType = sourcecode.c.h; path = VideoLink.h; sourceTree = "<group>"; };
		30DC88111B7FD87100A7ABD8 /* VideoLink.m */ = {isa = PBXFileReference; fileEncoding = 4; lastKnownFileType = sourcecode.c.objc; path = VideoLink.m; sourceTree = "<group>"; };
		30DC88121B7FD87100A7ABD8 /* VideoModel.h */ = {isa = PBXFileReference; fileEncoding = 4; lastKnownFileType = sourcecode.c.h; path = VideoModel.h; sourceTree = "<group>"; };
		30DC88131B7FD87100A7ABD8 /* VideoModel.m */ = {isa = PBXFileReference; fileEncoding = 4; lastKnownFileType = sourcecode.c.objc; path = VideoModel.m; sourceTree = "<group>"; };
		30DC88161B7FD9F000A7ABD8 /* JukeboxPostViewController.h */ = {isa = PBXFileReference; fileEncoding = 4; lastKnownFileType = sourcecode.c.h; path = JukeboxPostViewController.h; sourceTree = "<group>"; };
		30DC88171B7FD9F000A7ABD8 /* JukeboxPostViewController.m */ = {isa = PBXFileReference; fileEncoding = 4; lastKnownFileType = sourcecode.c.objc; path = JukeboxPostViewController.m; sourceTree = "<group>"; };
		30DC881D1B812E4D00A7ABD8 /* AudioToolbox.framework */ = {isa = PBXFileReference; lastKnownFileType = wrapper.framework; name = AudioToolbox.framework; path = System/Library/Frameworks/AudioToolbox.framework; sourceTree = SDKROOT; };
		30DC881F1B812E5600A7ABD8 /* CFNetwork.framework */ = {isa = PBXFileReference; lastKnownFileType = wrapper.framework; name = CFNetwork.framework; path = System/Library/Frameworks/CFNetwork.framework; sourceTree = SDKROOT; };
		30DC88221B812E6800A7ABD8 /* CoreLocation.framework */ = {isa = PBXFileReference; lastKnownFileType = wrapper.framework; name = CoreLocation.framework; path = System/Library/Frameworks/CoreLocation.framework; sourceTree = SDKROOT; };
		30DC88241B812E8400A7ABD8 /* Security.framework */ = {isa = PBXFileReference; lastKnownFileType = wrapper.framework; name = Security.framework; path = System/Library/Frameworks/Security.framework; sourceTree = SDKROOT; };
		30DC88261B812E8C00A7ABD8 /* StoreKit.framework */ = {isa = PBXFileReference; lastKnownFileType = wrapper.framework; name = StoreKit.framework; path = System/Library/Frameworks/StoreKit.framework; sourceTree = SDKROOT; };
		30DC88281B812E9700A7ABD8 /* SystemConfiguration.framework */ = {isa = PBXFileReference; lastKnownFileType = wrapper.framework; name = SystemConfiguration.framework; path = System/Library/Frameworks/SystemConfiguration.framework; sourceTree = SDKROOT; };
		30DC882A1B812EA200A7ABD8 /* libz.dylib */ = {isa = PBXFileReference; lastKnownFileType = "compiled.mach-o.dylib"; name = libz.dylib; path = usr/lib/libz.dylib; sourceTree = SDKROOT; };
		30DC882C1B812EAE00A7ABD8 /* libsqlite3.dylib */ = {isa = PBXFileReference; lastKnownFileType = "compiled.mach-o.dylib"; name = libsqlite3.dylib; path = usr/lib/libsqlite3.dylib; sourceTree = SDKROOT; };
		30DC882E1B812ECF00A7ABD8 /* Accounts.framework */ = {isa = PBXFileReference; lastKnownFileType = wrapper.framework; name = Accounts.framework; path = System/Library/Frameworks/Accounts.framework; sourceTree = SDKROOT; };
		30DC88301B812ED400A7ABD8 /* Social.framework */ = {isa = PBXFileReference; lastKnownFileType = wrapper.framework; name = Social.framework; path = System/Library/Frameworks/Social.framework; sourceTree = SDKROOT; };
		30DC883C1B815D2500A7ABD8 /* LoginViewController.h */ = {isa = PBXFileReference; fileEncoding = 4; lastKnownFileType = sourcecode.c.h; path = LoginViewController.h; sourceTree = "<group>"; };
		30DC883D1B815D2500A7ABD8 /* LoginViewController.m */ = {isa = PBXFileReference; fileEncoding = 4; lastKnownFileType = sourcecode.c.objc; path = LoginViewController.m; sourceTree = "<group>"; };
		30DC88571B81684200A7ABD8 /* MobileCoreServices.framework */ = {isa = PBXFileReference; lastKnownFileType = wrapper.framework; name = MobileCoreServices.framework; path = System/Library/Frameworks/MobileCoreServices.framework; sourceTree = SDKROOT; };
		30E201681B5C6E3300D37DA2 /* UIFont+SecretFont.h */ = {isa = PBXFileReference; fileEncoding = 4; lastKnownFileType = sourcecode.c.h; path = "UIFont+SecretFont.h"; sourceTree = "<group>"; };
		30E201691B5C6E3300D37DA2 /* UIFont+SecretFont.m */ = {isa = PBXFileReference; fileEncoding = 4; lastKnownFileType = sourcecode.c.objc; path = "UIFont+SecretFont.m"; sourceTree = "<group>"; };
		30E2016A1B5C6E3300D37DA2 /* UIImage+ImageEffects.h */ = {isa = PBXFileReference; fileEncoding = 4; lastKnownFileType = sourcecode.c.h; path = "UIImage+ImageEffects.h"; sourceTree = "<group>"; };
		30E2016B1B5C6E3300D37DA2 /* UIImage+ImageEffects.m */ = {isa = PBXFileReference; fileEncoding = 4; lastKnownFileType = sourcecode.c.objc; path = "UIImage+ImageEffects.m"; sourceTree = "<group>"; };
		30E2016C1B5C6E3300D37DA2 /* UIView+GradientMask.h */ = {isa = PBXFileReference; fileEncoding = 4; lastKnownFileType = sourcecode.c.h; path = "UIView+GradientMask.h"; sourceTree = "<group>"; };
		30E2016D1B5C6E3300D37DA2 /* UIView+GradientMask.m */ = {isa = PBXFileReference; fileEncoding = 4; lastKnownFileType = sourcecode.c.objc; path = "UIView+GradientMask.m"; sourceTree = "<group>"; };
		30E2017C1B5C9C4C00D37DA2 /* MPMoviePlayerController+BackgroundPlayback.h */ = {isa = PBXFileReference; fileEncoding = 4; lastKnownFileType = sourcecode.c.h; path = "MPMoviePlayerController+BackgroundPlayback.h"; sourceTree = "<group>"; };
		30E2017D1B5C9C4C00D37DA2 /* MPMoviePlayerController+BackgroundPlayback.m */ = {isa = PBXFileReference; fileEncoding = 4; lastKnownFileType = sourcecode.c.objc; path = "MPMoviePlayerController+BackgroundPlayback.m"; sourceTree = "<group>"; };
		30F663401AECD24A00CF0C12 /* Images.xcassets */ = {isa = PBXFileReference; lastKnownFileType = folder.assetcatalog; path = Images.xcassets; sourceTree = "<group>"; };
		99F1E7367826DA1FED34C34F /* Pods.debug.xcconfig */ = {isa = PBXFileReference; includeInIndex = 1; lastKnownFileType = text.xcconfig; name = Pods.debug.xcconfig; path = "Pods/Target Support Files/Pods/Pods.debug.xcconfig"; sourceTree = "<group>"; };
		9C9BB39E16BAE6AE00C8AB3A /* JSONModel.h */ = {isa = PBXFileReference; fileEncoding = 4; lastKnownFileType = sourcecode.c.h; path = JSONModel.h; sourceTree = "<group>"; };
		9C9BB39F16BAE6AE00C8AB3A /* JSONModel.m */ = {isa = PBXFileReference; fileEncoding = 4; lastKnownFileType = sourcecode.c.objc; path = JSONModel.m; sourceTree = "<group>"; };
		9C9BB3A016BAE6AE00C8AB3A /* JSONModelArray.h */ = {isa = PBXFileReference; fileEncoding = 4; lastKnownFileType = sourcecode.c.h; path = JSONModelArray.h; sourceTree = "<group>"; };
		9C9BB3A116BAE6AE00C8AB3A /* JSONModelArray.m */ = {isa = PBXFileReference; fileEncoding = 4; lastKnownFileType = sourcecode.c.objc; path = JSONModelArray.m; sourceTree = "<group>"; };
		9C9BB3A216BAE6AE00C8AB3A /* JSONModelClassProperty.h */ = {isa = PBXFileReference; fileEncoding = 4; lastKnownFileType = sourcecode.c.h; path = JSONModelClassProperty.h; sourceTree = "<group>"; };
		9C9BB3A316BAE6AE00C8AB3A /* JSONModelClassProperty.m */ = {isa = PBXFileReference; fileEncoding = 4; lastKnownFileType = sourcecode.c.objc; path = JSONModelClassProperty.m; sourceTree = "<group>"; };
		9C9BB3A416BAE6AE00C8AB3A /* JSONModelError.h */ = {isa = PBXFileReference; fileEncoding = 4; lastKnownFileType = sourcecode.c.h; path = JSONModelError.h; sourceTree = "<group>"; };
		9C9BB3A516BAE6AE00C8AB3A /* JSONModelError.m */ = {isa = PBXFileReference; fileEncoding = 4; lastKnownFileType = sourcecode.c.objc; path = JSONModelError.m; sourceTree = "<group>"; };
		9C9BB3A716BAE6AE00C8AB3A /* NSArray+JSONModel.h */ = {isa = PBXFileReference; fileEncoding = 4; lastKnownFileType = sourcecode.c.h; path = "NSArray+JSONModel.h"; sourceTree = "<group>"; };
		9C9BB3A816BAE6AE00C8AB3A /* NSArray+JSONModel.m */ = {isa = PBXFileReference; fileEncoding = 4; lastKnownFileType = sourcecode.c.objc; path = "NSArray+JSONModel.m"; sourceTree = "<group>"; };
		9C9BB3A916BAE6AE00C8AB3A /* JSONModelLib.h */ = {isa = PBXFileReference; fileEncoding = 4; lastKnownFileType = sourcecode.c.h; path = JSONModelLib.h; sourceTree = "<group>"; };
		9C9BB3AB16BAE6AE00C8AB3A /* JSONAPI.h */ = {isa = PBXFileReference; fileEncoding = 4; lastKnownFileType = sourcecode.c.h; path = JSONAPI.h; sourceTree = "<group>"; };
		9C9BB3AC16BAE6AE00C8AB3A /* JSONAPI.m */ = {isa = PBXFileReference; fileEncoding = 4; lastKnownFileType = sourcecode.c.objc; path = JSONAPI.m; sourceTree = "<group>"; };
		9C9BB3AD16BAE6AE00C8AB3A /* JSONHTTPClient.h */ = {isa = PBXFileReference; fileEncoding = 4; lastKnownFileType = sourcecode.c.h; path = JSONHTTPClient.h; sourceTree = "<group>"; };
		9C9BB3AE16BAE6AE00C8AB3A /* JSONHTTPClient.m */ = {isa = PBXFileReference; fileEncoding = 4; lastKnownFileType = sourcecode.c.objc; path = JSONHTTPClient.m; sourceTree = "<group>"; };
		9C9BB3AF16BAE6AE00C8AB3A /* JSONModel+networking.h */ = {isa = PBXFileReference; fileEncoding = 4; lastKnownFileType = sourcecode.c.h; path = "JSONModel+networking.h"; sourceTree = "<group>"; };
		9C9BB3B016BAE6AE00C8AB3A /* JSONModel+networking.m */ = {isa = PBXFileReference; fileEncoding = 4; lastKnownFileType = sourcecode.c.objc; path = "JSONModel+networking.m"; sourceTree = "<group>"; };
		9C9BB3B216BAE6AE00C8AB3A /* JSONKeyMapper.h */ = {isa = PBXFileReference; fileEncoding = 4; lastKnownFileType = sourcecode.c.h; path = JSONKeyMapper.h; sourceTree = "<group>"; };
		9C9BB3B316BAE6AE00C8AB3A /* JSONKeyMapper.m */ = {isa = PBXFileReference; fileEncoding = 4; lastKnownFileType = sourcecode.c.objc; path = JSONKeyMapper.m; sourceTree = "<group>"; };
		9C9BB3B416BAE6AE00C8AB3A /* JSONValueTransformer.h */ = {isa = PBXFileReference; fileEncoding = 4; lastKnownFileType = sourcecode.c.h; path = JSONValueTransformer.h; sourceTree = "<group>"; };
		9C9BB3B516BAE6AE00C8AB3A /* JSONValueTransformer.m */ = {isa = PBXFileReference; fileEncoding = 4; lastKnownFileType = sourcecode.c.objc; path = JSONValueTransformer.m; sourceTree = "<group>"; };
		9CA623D8169591AC003F6334 /* YTBrowser.app */ = {isa = PBXFileReference; explicitFileType = wrapper.application; includeInIndex = 0; path = YTBrowser.app; sourceTree = BUILT_PRODUCTS_DIR; };
		9CA623DC169591AC003F6334 /* UIKit.framework */ = {isa = PBXFileReference; lastKnownFileType = wrapper.framework; name = UIKit.framework; path = System/Library/Frameworks/UIKit.framework; sourceTree = SDKROOT; };
		9CA623DE169591AC003F6334 /* Foundation.framework */ = {isa = PBXFileReference; lastKnownFileType = wrapper.framework; name = Foundation.framework; path = System/Library/Frameworks/Foundation.framework; sourceTree = SDKROOT; };
		9CA623E0169591AC003F6334 /* CoreGraphics.framework */ = {isa = PBXFileReference; lastKnownFileType = wrapper.framework; name = CoreGraphics.framework; path = System/Library/Frameworks/CoreGraphics.framework; sourceTree = SDKROOT; };
		9CA623E4169591AC003F6334 /* YTBrowser-Info.plist */ = {isa = PBXFileReference; lastKnownFileType = text.plist.xml; path = "YTBrowser-Info.plist"; sourceTree = "<group>"; };
		9CA623E8169591AC003F6334 /* main.m */ = {isa = PBXFileReference; lastKnownFileType = sourcecode.c.objc; path = main.m; sourceTree = "<group>"; };
		9CA623EA169591AC003F6334 /* YTBrowser-Prefix.pch */ = {isa = PBXFileReference; lastKnownFileType = sourcecode.c.h; path = "YTBrowser-Prefix.pch"; sourceTree = "<group>"; };
		9CA623F5169591AC003F6334 /* en */ = {isa = PBXFileReference; lastKnownFileType = file.storyboard; name = en; path = en.lproj/MainStoryboard.storyboard; sourceTree = "<group>"; };
		9CA6243316959278003F6334 /* QuartzCore.framework */ = {isa = PBXFileReference; lastKnownFileType = wrapper.framework; name = QuartzCore.framework; path = System/Library/Frameworks/QuartzCore.framework; sourceTree = SDKROOT; };
		9CA624351695927C003F6334 /* CoreText.framework */ = {isa = PBXFileReference; lastKnownFileType = wrapper.framework; name = CoreText.framework; path = System/Library/Frameworks/CoreText.framework; sourceTree = SDKROOT; };
		9CBC4F621695DABA00FFE7B9 /* iTunesArtwork */ = {isa = PBXFileReference; lastKnownFileType = file; path = iTunesArtwork; sourceTree = "<group>"; };
		9CBC4F6F1695DAE000FFE7B9 /* Icon.png */ = {isa = PBXFileReference; lastKnownFileType = image.png; name = Icon.png; path = ../Icon.png; sourceTree = "<group>"; };
		9CBC4F711695DAEA00FFE7B9 /* Icon@2x.png */ = {isa = PBXFileReference; lastKnownFileType = image.png; name = "Icon@2x.png"; path = "../Icon@2x.png"; sourceTree = "<group>"; };
		E1DD4CDDF9DDB5D5B1CE3A84 /* libPods.a */ = {isa = PBXFileReference; explicitFileType = archive.ar; includeInIndex = 0; path = libPods.a; sourceTree = BUILT_PRODUCTS_DIR; };
		E39520E43AA5860009ADA7D1 /* Pods.release.xcconfig */ = {isa = PBXFileReference; includeInIndex = 1; lastKnownFileType = text.xcconfig; name = Pods.release.xcconfig; path = "Pods/Target Support Files/Pods/Pods.release.xcconfig"; sourceTree = "<group>"; };
/* End PBXFileReference section */

/* Begin PBXFrameworksBuildPhase section */
		9CA623D5169591AC003F6334 /* Frameworks */ = {
			isa = PBXFrameworksBuildPhase;
			buildActionMask = 2147483647;
			files = (
				3092A3051B89480D00347BE5 /* MapKit.framework in Frameworks */,
				30DC88581B81684200A7ABD8 /* MobileCoreServices.framework in Frameworks */,
				30C7B7A91B8ADB8800A4AA24 /* ParseFacebookUtils.framework in Frameworks */,
				30DC88311B812ED400A7ABD8 /* Social.framework in Frameworks */,
				30DC882F1B812ECF00A7ABD8 /* Accounts.framework in Frameworks */,
				30DC882D1B812EAE00A7ABD8 /* libsqlite3.dylib in Frameworks */,
				30DC882B1B812EA200A7ABD8 /* libz.dylib in Frameworks */,
				30C7B7A81B8ADB8800A4AA24 /* Parse.framework in Frameworks */,
				30DC88291B812E9700A7ABD8 /* SystemConfiguration.framework in Frameworks */,
				30DC88271B812E8C00A7ABD8 /* StoreKit.framework in Frameworks */,
				30DC88251B812E8400A7ABD8 /* Security.framework in Frameworks */,
				9CA6243416959278003F6334 /* QuartzCore.framework in Frameworks */,
				30DC88231B812E6800A7ABD8 /* CoreLocation.framework in Frameworks */,
				30DC88211B812E6000A7ABD8 /* CoreGraphics.framework in Frameworks */,
				30DC88201B812E5600A7ABD8 /* CFNetwork.framework in Frameworks */,
				30DC881E1B812E4D00A7ABD8 /* AudioToolbox.framework in Frameworks */,
				308E0D9C1B6463EC0007DFCE /* MediaPlayer.framework in Frameworks */,
				3093E2721B1443C100C454CF /* JavaScriptCore.framework in Frameworks */,
				309AE31E1B094D1B004CF1E2 /* CoreData.framework in Frameworks */,
				30930A5F1AEC77CB00B44E58 /* AVFoundation.framework in Frameworks */,
				9CA624361695927C003F6334 /* CoreText.framework in Frameworks */,
				9CA623DD169591AC003F6334 /* UIKit.framework in Frameworks */,
				30C7B7A71B8ADB8800A4AA24 /* FacebookSDK.framework in Frameworks */,
				9CA623DF169591AC003F6334 /* Foundation.framework in Frameworks */,
				30DC87DF1B7FD1B300A7ABD8 /* libXCDYouTubeKit.a in Frameworks */,
				A939D78D8FB9E486E2BE2F41 /* libPods.a in Frameworks */,
			);
			runOnlyForDeploymentPostprocessing = 0;
		};
/* End PBXFrameworksBuildPhase section */

/* Begin PBXGroup section */
		30788D431B8A6049002A598C /* PXAlertView */ = {
			isa = PBXGroup;
			children = (
				30788D441B8A6049002A598C /* PXAlertView+Customization.h */,
				30788D451B8A6049002A598C /* PXAlertView+Customization.m */,
				30788D461B8A6049002A598C /* PXAlertView.h */,
				30788D471B8A6049002A598C /* PXAlertView.m */,
				30788D481B8A6049002A598C /* UIAlertView+PXAlertViewOverride.h */,
				30788D491B8A6049002A598C /* UIAlertView+PXAlertViewOverride.m */,
			);
			path = PXAlertView;
			sourceTree = "<group>";
		};
		30916CC61AF0928B00327CAA /* MGBox */ = {
			isa = PBXGroup;
			children = (
				30916CC71AF0928B00327CAA /* Categories */,
				30916CCC1AF0928B00327CAA /* MGBase.h */,
				30916CCD1AF0928B00327CAA /* MGBlockWrapper.h */,
				30916CCE1AF0928B00327CAA /* MGBlockWrapper.m */,
				30916CCF1AF0928B00327CAA /* MGBox.h */,
				30916CD01AF0928B00327CAA /* MGBox.m */,
				30916CD11AF0928B00327CAA /* MGButton.h */,
				30916CD21AF0928B00327CAA /* MGButton.m */,
				30916CD31AF0928B00327CAA /* MGLayoutBox.h */,
				30916CD41AF0928B00327CAA /* MGLayoutManager.h */,
				30916CD51AF0928B00327CAA /* MGLayoutManager.m */,
				30916CD61AF0928B00327CAA /* MGLine.h */,
				30916CD71AF0928B00327CAA /* MGLine.m */,
				30916CD81AF0928B00327CAA /* MGScrollView.h */,
				30916CD91AF0928B00327CAA /* MGScrollView.m */,
				30916CDA1AF0928B00327CAA /* MGTableBox.h */,
				30916CDB1AF0928B00327CAA /* MGTableBox.m */,
				30916CDC1AF0928B00327CAA /* MGTableBoxStyled.h */,
				30916CDD1AF0928B00327CAA /* MGTableBoxStyled.m */,
			);
			path = MGBox;
			sourceTree = "<group>";
		};
		30916CC71AF0928B00327CAA /* Categories */ = {
			isa = PBXGroup;
			children = (
				30916CC81AF0928B00327CAA /* NSObject+MGEvents.h */,
				30916CC91AF0928B00327CAA /* NSObject+MGEvents.m */,
				30916CCA1AF0928B00327CAA /* UIView+MGEasyFrame.h */,
				30916CCB1AF0928B00327CAA /* UIView+MGEasyFrame.m */,
			);
			path = Categories;
			sourceTree = "<group>";
		};
		3093C0BE1B09793C00EEC6F7 /* CarbonKit */ = {
			isa = PBXGroup;
			children = (
				3093C0BF1B09793C00EEC6F7 /* CarbonKit.h */,
				3093C0C01B09793C00EEC6F7 /* CarbonSwipeRefresh.h */,
				3093C0C11B09793C00EEC6F7 /* CarbonSwipeRefresh.m */,
				3093C0C21B09793C00EEC6F7 /* CarbonTabSwipeNavigation.h */,
				3093C0C31B09793C00EEC6F7 /* CarbonTabSwipeNavigation.m */,
			);
			path = CarbonKit;
			sourceTree = "<group>";
		};
		3094830A1AFF3325005E44B9 /* AHKActionSheet */ = {
			isa = PBXGroup;
			children = (
				3094830B1AFF3325005E44B9 /* AHKActionSheet.h */,
				3094830C1AFF3325005E44B9 /* AHKActionSheet.m */,
				3094830D1AFF3325005E44B9 /* AHKActionSheetViewController.h */,
				3094830E1AFF3325005E44B9 /* AHKActionSheetViewController.m */,
				3094830F1AFF3325005E44B9 /* UIImage+AHKAdditions.h */,
				309483101AFF3325005E44B9 /* UIImage+AHKAdditions.m */,
				309483111AFF3325005E44B9 /* UIWindow+AHKAdditions.h */,
				309483121AFF3325005E44B9 /* UIWindow+AHKAdditions.m */,
			);
			path = AHKActionSheet;
			sourceTree = "<group>";
		};
		3096DF8C1B78459800031465 /* Buttons */ = {
			isa = PBXGroup;
			children = (
				3096DF8D1B78459800031465 /* RMSaveButton.h */,
				3096DF8E1B78459800031465 /* RMSaveButton.m */,
			);
			path = Buttons;
			sourceTree = "<group>";
		};
		30DC87E01B7FD45800A7ABD8 /* Views */ = {
			isa = PBXGroup;
			children = (
				30DC87E11B7FD45800A7ABD8 /* JukeBoxCell.h */,
				30DC87E21B7FD45800A7ABD8 /* JukeBoxCell.m */,
				30DC87E51B7FD45800A7ABD8 /* SongCell.h */,
				30DC87E61B7FD45800A7ABD8 /* SongCell.m */,
				30DC87E71B7FD45800A7ABD8 /* VoteCell.h */,
				30DC87E81B7FD45800A7ABD8 /* VoteCell.m */,
				308E8B291B8AAA0300DE9472 /* MapPin.h */,
			);
			path = Views;
			sourceTree = "<group>";
		};
		30DC87ED1B7FD4D900A7ABD8 /* ViewControllers */ = {
			isa = PBXGroup;
			children = (
				30DC883C1B815D2500A7ABD8 /* LoginViewController.h */,
				30DC883D1B815D2500A7ABD8 /* LoginViewController.m */,
				30DC88161B7FD9F000A7ABD8 /* JukeboxPostViewController.h */,
				30DC88171B7FD9F000A7ABD8 /* JukeboxPostViewController.m */,
				30DC87EE1B7FD4D900A7ABD8 /* DEMOLeftMenuViewController.h */,
				30DC87EF1B7FD4D900A7ABD8 /* DEMOLeftMenuViewController.m */,
				30DC87F01B7FD4D900A7ABD8 /* JukeboxListViewController.h */,
				30DC87F11B7FD4D900A7ABD8 /* JukeboxListViewController.m */,
				30DC87F21B7FD4D900A7ABD8 /* LibraryViewController.h */,
				30DC87F31B7FD4D900A7ABD8 /* LibraryViewController.m */,
				30DC87F41B7FD4D900A7ABD8 /* MediaPlayerViewController.h */,
				30DC87F51B7FD4D900A7ABD8 /* MediaPlayerViewController.m */,
				30DC87F61B7FD4D900A7ABD8 /* SearchYoutubeViewController.h */,
				30DC87F71B7FD4D900A7ABD8 /* SearchYoutubeViewController.m */,
			);
			path = ViewControllers;
			sourceTree = "<group>";
		};
		30DC87FD1B7FD60A00A7ABD8 /* Models */ = {
			isa = PBXGroup;
			children = (
				30DC87FE1B7FD60A00A7ABD8 /* JukeboxEntry.h */,
				30DC87FF1B7FD60A00A7ABD8 /* JukeboxEntry.m */,
				30DC88001B7FD60A00A7ABD8 /* Song.h */,
				30DC88011B7FD60A00A7ABD8 /* Song.m */,
			);
			path = Models;
			sourceTree = "<group>";
		};
		30DC88041B7FD79800A7ABD8 /* Managers */ = {
			isa = PBXGroup;
			children = (
				30DC88051B7FD79800A7ABD8 /* AppConstant.h */,
				30DC88061B7FD79800A7ABD8 /* AppDelegate.h */,
				30DC88071B7FD79800A7ABD8 /* AppDelegate.m */,
				30DC88081B7FD79800A7ABD8 /* JBCoreDataStack.h */,
				30DC88091B7FD79800A7ABD8 /* JBCoreDataStack.m */,
				30DC880A1B7FD79800A7ABD8 /* MediaManager.h */,
				30DC880B1B7FD79800A7ABD8 /* MediaManager.m */,
			);
			path = Managers;
			sourceTree = "<group>";
		};
		30DC880F1B7FD87100A7ABD8 /* YouTubeModels */ = {
			isa = PBXGroup;
			children = (
				30DC88101B7FD87100A7ABD8 /* VideoLink.h */,
				30DC88111B7FD87100A7ABD8 /* VideoLink.m */,
				30DC88121B7FD87100A7ABD8 /* VideoModel.h */,
				30DC88131B7FD87100A7ABD8 /* VideoModel.m */,
			);
			path = YouTubeModels;
			sourceTree = "<group>";
		};
		30E201611B5C6E3300D37DA2 /* ParallaxDisplay */ = {
			isa = PBXGroup;
			children = (
				30E201681B5C6E3300D37DA2 /* UIFont+SecretFont.h */,
				30E201691B5C6E3300D37DA2 /* UIFont+SecretFont.m */,
				30E2016A1B5C6E3300D37DA2 /* UIImage+ImageEffects.h */,
				30E2016B1B5C6E3300D37DA2 /* UIImage+ImageEffects.m */,
				30E2016C1B5C6E3300D37DA2 /* UIView+GradientMask.h */,
				30E2016D1B5C6E3300D37DA2 /* UIView+GradientMask.m */,
			);
			path = ParallaxDisplay;
			sourceTree = "<group>";
		};
		6B7F827E2AADC0D2D1F39933 /* Pods */ = {
			isa = PBXGroup;
			children = (
				99F1E7367826DA1FED34C34F /* Pods.debug.xcconfig */,
				E39520E43AA5860009ADA7D1 /* Pods.release.xcconfig */,
			);
			name = Pods;
			sourceTree = "<group>";
		};
		9C9BB39C16BAE6AE00C8AB3A /* JSONModel */ = {
			isa = PBXGroup;
			children = (
				9C9BB39D16BAE6AE00C8AB3A /* JSONModel */,
				9C9BB3A616BAE6AE00C8AB3A /* JSONModelCategories */,
				9C9BB3A916BAE6AE00C8AB3A /* JSONModelLib.h */,
				9C9BB3AA16BAE6AE00C8AB3A /* JSONModelNetworking */,
				9C9BB3B116BAE6AE00C8AB3A /* JSONModelTransformations */,
			);
			path = JSONModel;
			sourceTree = "<group>";
		};
		9C9BB39D16BAE6AE00C8AB3A /* JSONModel */ = {
			isa = PBXGroup;
			children = (
				9C9BB39E16BAE6AE00C8AB3A /* JSONModel.h */,
				9C9BB39F16BAE6AE00C8AB3A /* JSONModel.m */,
				9C9BB3A016BAE6AE00C8AB3A /* JSONModelArray.h */,
				9C9BB3A116BAE6AE00C8AB3A /* JSONModelArray.m */,
				9C9BB3A216BAE6AE00C8AB3A /* JSONModelClassProperty.h */,
				9C9BB3A316BAE6AE00C8AB3A /* JSONModelClassProperty.m */,
				9C9BB3A416BAE6AE00C8AB3A /* JSONModelError.h */,
				9C9BB3A516BAE6AE00C8AB3A /* JSONModelError.m */,
			);
			path = JSONModel;
			sourceTree = "<group>";
		};
		9C9BB3A616BAE6AE00C8AB3A /* JSONModelCategories */ = {
			isa = PBXGroup;
			children = (
				9C9BB3A716BAE6AE00C8AB3A /* NSArray+JSONModel.h */,
				9C9BB3A816BAE6AE00C8AB3A /* NSArray+JSONModel.m */,
			);
			path = JSONModelCategories;
			sourceTree = "<group>";
		};
		9C9BB3AA16BAE6AE00C8AB3A /* JSONModelNetworking */ = {
			isa = PBXGroup;
			children = (
				9C9BB3AB16BAE6AE00C8AB3A /* JSONAPI.h */,
				9C9BB3AC16BAE6AE00C8AB3A /* JSONAPI.m */,
				9C9BB3AD16BAE6AE00C8AB3A /* JSONHTTPClient.h */,
				9C9BB3AE16BAE6AE00C8AB3A /* JSONHTTPClient.m */,
				9C9BB3AF16BAE6AE00C8AB3A /* JSONModel+networking.h */,
				9C9BB3B016BAE6AE00C8AB3A /* JSONModel+networking.m */,
			);
			path = JSONModelNetworking;
			sourceTree = "<group>";
		};
		9C9BB3B116BAE6AE00C8AB3A /* JSONModelTransformations */ = {
			isa = PBXGroup;
			children = (
				9C9BB3B216BAE6AE00C8AB3A /* JSONKeyMapper.h */,
				9C9BB3B316BAE6AE00C8AB3A /* JSONKeyMapper.m */,
				9C9BB3B416BAE6AE00C8AB3A /* JSONValueTransformer.h */,
				9C9BB3B516BAE6AE00C8AB3A /* JSONValueTransformer.m */,
			);
			path = JSONModelTransformations;
			sourceTree = "<group>";
		};
		9CA623CD169591AC003F6334 = {
			isa = PBXGroup;
			children = (
				30788D431B8A6049002A598C /* PXAlertView */,
				30DC880F1B7FD87100A7ABD8 /* YouTubeModels */,
				3096DF8C1B78459800031465 /* Buttons */,
				30E201611B5C6E3300D37DA2 /* ParallaxDisplay */,
				3093C0BE1B09793C00EEC6F7 /* CarbonKit */,
				309AE31F1B094D61004CF1E2 /* Model.xcdatamodeld */,
				3094830A1AFF3325005E44B9 /* AHKActionSheet */,
				30916CC61AF0928B00327CAA /* MGBox */,
				9C9BB39C16BAE6AE00C8AB3A /* JSONModel */,
				9CA623E2169591AC003F6334 /* YTBrowser */,
				9CA623DB169591AC003F6334 /* Frameworks */,
				9CA623D9169591AC003F6334 /* Products */,
				6B7F827E2AADC0D2D1F39933 /* Pods */,
			);
			sourceTree = "<group>";
		};
		9CA623D9169591AC003F6334 /* Products */ = {
			isa = PBXGroup;
			children = (
				9CA623D8169591AC003F6334 /* YTBrowser.app */,
			);
			name = Products;
			sourceTree = "<group>";
		};
		9CA623DB169591AC003F6334 /* Frameworks */ = {
			isa = PBXGroup;
			children = (
				30C7B7A31B8ADB8800A4AA24 /* FacebookSDK.framework */,
				30C7B7A41B8ADB8800A4AA24 /* Parse.framework */,
				30C7B7A51B8ADB8800A4AA24 /* ParseFacebookUtils.framework */,
				3092A3041B89480D00347BE5 /* MapKit.framework */,
				30DC88571B81684200A7ABD8 /* MobileCoreServices.framework */,
				30DC88301B812ED400A7ABD8 /* Social.framework */,
				30DC882E1B812ECF00A7ABD8 /* Accounts.framework */,
				30DC882C1B812EAE00A7ABD8 /* libsqlite3.dylib */,
				30DC882A1B812EA200A7ABD8 /* libz.dylib */,
				30DC88281B812E9700A7ABD8 /* SystemConfiguration.framework */,
				30DC88261B812E8C00A7ABD8 /* StoreKit.framework */,
				30DC88241B812E8400A7ABD8 /* Security.framework */,
				30DC88221B812E6800A7ABD8 /* CoreLocation.framework */,
				30DC881F1B812E5600A7ABD8 /* CFNetwork.framework */,
				30DC881D1B812E4D00A7ABD8 /* AudioToolbox.framework */,
				30DC87DE1B7FD1B300A7ABD8 /* libXCDYouTubeKit.a */,
				308E0D9B1B6463EC0007DFCE /* MediaPlayer.framework */,
				30B44DCC1B2424B5008CBD69 /* libXCDYouTubeKit.a */,
				3093E2711B1443C100C454CF /* JavaScriptCore.framework */,
				309AE31D1B094D1B004CF1E2 /* CoreData.framework */,
				309483191AFF356D005E44B9 /* libPods-AFNetworking.a */,
				309483171AFF347F005E44B9 /* libPods.a */,
				309482FB1AFF2D0D005E44B9 /* libPods-AHKActionSheet.a */,
				309482F91AFF2D04005E44B9 /* libPods.a */,
				30930A5E1AEC77CB00B44E58 /* AVFoundation.framework */,
				9CA624351695927C003F6334 /* CoreText.framework */,
				9CA6243316959278003F6334 /* QuartzCore.framework */,
				9CA623DC169591AC003F6334 /* UIKit.framework */,
				9CA623DE169591AC003F6334 /* Foundation.framework */,
				9CA623E0169591AC003F6334 /* CoreGraphics.framework */,
				E1DD4CDDF9DDB5D5B1CE3A84 /* libPods.a */,
			);
			name = Frameworks;
			sourceTree = "<group>";
		};
		9CA623E2169591AC003F6334 /* YTBrowser */ = {
			isa = PBXGroup;
			children = (
				30DC88041B7FD79800A7ABD8 /* Managers */,
				30DC87FD1B7FD60A00A7ABD8 /* Models */,
				30DC87ED1B7FD4D900A7ABD8 /* ViewControllers */,
				30DC87E01B7FD45800A7ABD8 /* Views */,
				30E2017C1B5C9C4C00D37DA2 /* MPMoviePlayerController+BackgroundPlayback.h */,
				30E2017D1B5C9C4C00D37DA2 /* MPMoviePlayerController+BackgroundPlayback.m */,
				30B44DCE1B243F0D008CBD69 /* LaunchScreen.xib */,
				30F663401AECD24A00CF0C12 /* Images.xcassets */,
				9CA623F4169591AC003F6334 /* MainStoryboard.storyboard */,
				9CA623E3169591AC003F6334 /* Supporting Files */,
			);
			path = YTBrowser;
			sourceTree = "<group>";
		};
		9CA623E3169591AC003F6334 /* Supporting Files */ = {
			isa = PBXGroup;
			children = (
				9CA623E4169591AC003F6334 /* YTBrowser-Info.plist */,
				9CBC4F711695DAEA00FFE7B9 /* Icon@2x.png */,
				9CBC4F6F1695DAE000FFE7B9 /* Icon.png */,
				9CBC4F621695DABA00FFE7B9 /* iTunesArtwork */,
				9CA623E8169591AC003F6334 /* main.m */,
				9CA623EA169591AC003F6334 /* YTBrowser-Prefix.pch */,
			);
			name = "Supporting Files";
			sourceTree = "<group>";
		};
/* End PBXGroup section */

/* Begin PBXNativeTarget section */
		9CA623D7169591AC003F6334 /* YTBrowser */ = {
			isa = PBXNativeTarget;
			buildConfigurationList = 9CA623FC169591AC003F6334 /* Build configuration list for PBXNativeTarget "YTBrowser" */;
			buildPhases = (
				45DCF80BBB32C9B2DBFFD3F6 /* Check Pods Manifest.lock */,
				9CA623D4169591AC003F6334 /* Sources */,
				9CA623D5169591AC003F6334 /* Frameworks */,
				9CA623D6169591AC003F6334 /* Resources */,
				EC16E190A591410E24B402E4 /* Copy Pods Resources */,
			);
			buildRules = (
			);
			dependencies = (
			);
			name = YTBrowser;
			productName = YTBrowser;
			productReference = 9CA623D8169591AC003F6334 /* YTBrowser.app */;
			productType = "com.apple.product-type.application";
		};
/* End PBXNativeTarget section */

/* Begin PBXProject section */
		9CA623CF169591AC003F6334 /* Project object */ = {
			isa = PBXProject;
			attributes = {
				LastUpgradeCheck = 0610;
				ORGANIZATIONNAME = "Underplot ltd.";
			};
			buildConfigurationList = 9CA623D2169591AC003F6334 /* Build configuration list for PBXProject "YTBrowser" */;
			compatibilityVersion = "Xcode 3.2";
			developmentRegion = English;
			hasScannedForEncodings = 0;
			knownRegions = (
				en,
			);
			mainGroup = 9CA623CD169591AC003F6334;
			productRefGroup = 9CA623D9169591AC003F6334 /* Products */;
			projectDirPath = "";
			projectRoot = "";
			targets = (
				9CA623D7169591AC003F6334 /* YTBrowser */,
			);
		};
/* End PBXProject section */

/* Begin PBXResourcesBuildPhase section */
		9CA623D6169591AC003F6334 /* Resources */ = {
			isa = PBXResourcesBuildPhase;
			buildActionMask = 2147483647;
			files = (
				9CA623F6169591AC003F6334 /* MainStoryboard.storyboard in Resources */,
				30F663411AECD24A00CF0C12 /* Images.xcassets in Resources */,
				9CBC4F6D1695DABA00FFE7B9 /* iTunesArtwork in Resources */,
				30B44DCF1B243F0D008CBD69 /* LaunchScreen.xib in Resources */,
				9CBC4F701695DAE000FFE7B9 /* Icon.png in Resources */,
				9CBC4F721695DAEA00FFE7B9 /* Icon@2x.png in Resources */,
			);
			runOnlyForDeploymentPostprocessing = 0;
		};
/* End PBXResourcesBuildPhase section */

/* Begin PBXShellScriptBuildPhase section */
		45DCF80BBB32C9B2DBFFD3F6 /* Check Pods Manifest.lock */ = {
			isa = PBXShellScriptBuildPhase;
			buildActionMask = 2147483647;
			files = (
			);
			inputPaths = (
			);
			name = "Check Pods Manifest.lock";
			outputPaths = (
			);
			runOnlyForDeploymentPostprocessing = 0;
			shellPath = /bin/sh;
			shellScript = "diff \"${PODS_ROOT}/../Podfile.lock\" \"${PODS_ROOT}/Manifest.lock\" > /dev/null\nif [[ $? != 0 ]] ; then\n    cat << EOM\nerror: The sandbox is not in sync with the Podfile.lock. Run 'pod install' or update your CocoaPods installation.\nEOM\n    exit 1\nfi\n";
			showEnvVarsInLog = 0;
		};
		EC16E190A591410E24B402E4 /* Copy Pods Resources */ = {
			isa = PBXShellScriptBuildPhase;
			buildActionMask = 2147483647;
			files = (
			);
			inputPaths = (
			);
			name = "Copy Pods Resources";
			outputPaths = (
			);
			runOnlyForDeploymentPostprocessing = 0;
			shellPath = /bin/sh;
			shellScript = "\"${SRCROOT}/Pods/Target Support Files/Pods/Pods-resources.sh\"\n";
			showEnvVarsInLog = 0;
		};
/* End PBXShellScriptBuildPhase section */

/* Begin PBXSourcesBuildPhase section */
		9CA623D4169591AC003F6334 /* Sources */ = {
			isa = PBXSourcesBuildPhase;
			buildActionMask = 2147483647;
			files = (
				30DC87FA1B7FD4D900A7ABD8 /* LibraryViewController.m in Sources */,
				9CA623E9169591AC003F6334 /* main.m in Sources */,
				30788D4C1B8A6049002A598C /* UIAlertView+PXAlertViewOverride.m in Sources */,
				309483141AFF3325005E44B9 /* AHKActionSheetViewController.m in Sources */,
				30916CE61AF0928B00327CAA /* MGTableBox.m in Sources */,
				30DC883E1B815D2500A7ABD8 /* LoginViewController.m in Sources */,
				30916CE71AF0928B00327CAA /* MGTableBoxStyled.m in Sources */,
				30916CE51AF0928B00327CAA /* MGScrollView.m in Sources */,
				30DC87F91B7FD4D900A7ABD8 /* JukeboxListViewController.m in Sources */,
				30DC87E91B7FD45800A7ABD8 /* JukeBoxCell.m in Sources */,
				30DC88021B7FD60A00A7ABD8 /* JukeboxEntry.m in Sources */,
				30916CE01AF0928B00327CAA /* MGBlockWrapper.m in Sources */,
				30E2017E1B5C9C4C00D37DA2 /* MPMoviePlayerController+BackgroundPlayback.m in Sources */,
				30DC87F81B7FD4D900A7ABD8 /* DEMOLeftMenuViewController.m in Sources */,
				30DC880D1B7FD79800A7ABD8 /* JBCoreDataStack.m in Sources */,
				30DC88031B7FD60A00A7ABD8 /* Song.m in Sources */,
				30916CDF1AF0928B00327CAA /* UIView+MGEasyFrame.m in Sources */,
				30E201731B5C6E3300D37DA2 /* UIView+GradientMask.m in Sources */,
				9C9BB3B616BAE6AE00C8AB3A /* JSONModel.m in Sources */,
				309AE3211B094D61004CF1E2 /* Model.xcdatamodeld in Sources */,
				30DC880C1B7FD79800A7ABD8 /* AppDelegate.m in Sources */,
				30916CE31AF0928B00327CAA /* MGLayoutManager.m in Sources */,
				30E201721B5C6E3300D37DA2 /* UIImage+ImageEffects.m in Sources */,
				309483151AFF3325005E44B9 /* UIImage+AHKAdditions.m in Sources */,
				30916CDE1AF0928B00327CAA /* NSObject+MGEvents.m in Sources */,
				9C9BB3B716BAE6AE00C8AB3A /* JSONModelArray.m in Sources */,
				30DC87EC1B7FD45800A7ABD8 /* VoteCell.m in Sources */,
				9C9BB3B816BAE6AE00C8AB3A /* JSONModelClassProperty.m in Sources */,
				3096DF8F1B78459800031465 /* RMSaveButton.m in Sources */,
				30E201711B5C6E3300D37DA2 /* UIFont+SecretFont.m in Sources */,
				309483161AFF3325005E44B9 /* UIWindow+AHKAdditions.m in Sources */,
				3093C0C41B09793C00EEC6F7 /* CarbonSwipeRefresh.m in Sources */,
				30788D4A1B8A6049002A598C /* PXAlertView+Customization.m in Sources */,
				9C9BB3B916BAE6AE00C8AB3A /* JSONModelError.m in Sources */,
				309483131AFF3325005E44B9 /* AHKActionSheet.m in Sources */,
				9C9BB3BA16BAE6AE00C8AB3A /* NSArray+JSONModel.m in Sources */,
				30788D4B1B8A6049002A598C /* PXAlertView.m in Sources */,
				30DC88151B7FD87100A7ABD8 /* VideoModel.m in Sources */,
				9C9BB3BB16BAE6AE00C8AB3A /* JSONAPI.m in Sources */,
				30DC87EB1B7FD45800A7ABD8 /* SongCell.m in Sources */,
				30DC88141B7FD87100A7ABD8 /* VideoLink.m in Sources */,
				30916CE41AF0928B00327CAA /* MGLine.m in Sources */,
				9C9BB3BC16BAE6AE00C8AB3A /* JSONHTTPClient.m in Sources */,
				30DC88181B7FD9F000A7ABD8 /* JukeboxPostViewController.m in Sources */,
				30916CE11AF0928B00327CAA /* MGBox.m in Sources */,
				30DC880E1B7FD79800A7ABD8 /* MediaManager.m in Sources */,
				9C9BB3BD16BAE6AE00C8AB3A /* JSONModel+networking.m in Sources */,
				30DC87FB1B7FD4D900A7ABD8 /* MediaPlayerViewController.m in Sources */,
				3093C0C51B09793C00EEC6F7 /* CarbonTabSwipeNavigation.m in Sources */,
				30916CE21AF0928B00327CAA /* MGButton.m in Sources */,
				30DC87FC1B7FD4D900A7ABD8 /* SearchYoutubeViewController.m in Sources */,
				9C9BB3BE16BAE6AE00C8AB3A /* JSONKeyMapper.m in Sources */,
				9C9BB3BF16BAE6AE00C8AB3A /* JSONValueTransformer.m in Sources */,
			);
			runOnlyForDeploymentPostprocessing = 0;
		};
/* End PBXSourcesBuildPhase section */

/* Begin PBXVariantGroup section */
		9CA623F4169591AC003F6334 /* MainStoryboard.storyboard */ = {
			isa = PBXVariantGroup;
			children = (
				9CA623F5169591AC003F6334 /* en */,
			);
			name = MainStoryboard.storyboard;
			sourceTree = "<group>";
		};
/* End PBXVariantGroup section */

/* Begin XCBuildConfiguration section */
		9CA623FA169591AC003F6334 /* Debug */ = {
			isa = XCBuildConfiguration;
			buildSettings = {
				ALWAYS_SEARCH_USER_PATHS = NO;
				CLANG_CXX_LANGUAGE_STANDARD = "gnu++0x";
				CLANG_CXX_LIBRARY = "libc++";
				CLANG_ENABLE_OBJC_ARC = YES;
				CLANG_WARN_EMPTY_BODY = YES;
				CLANG_WARN__DUPLICATE_METHOD_MATCH = YES;
				"CODE_SIGN_IDENTITY[sdk=iphoneos*]" = "iPhone Developer";
				COPY_PHASE_STRIP = NO;
				GCC_C_LANGUAGE_STANDARD = gnu99;
				GCC_DYNAMIC_NO_PIC = NO;
				GCC_OPTIMIZATION_LEVEL = 0;
				GCC_PREPROCESSOR_DEFINITIONS = (
					"DEBUG=1",
					"$(inherited)",
				);
				GCC_SYMBOLS_PRIVATE_EXTERN = NO;
				GCC_WARN_ABOUT_RETURN_TYPE = YES;
				GCC_WARN_UNINITIALIZED_AUTOS = YES;
				GCC_WARN_UNUSED_VARIABLE = YES;
				IPHONEOS_DEPLOYMENT_TARGET = 6.0;
				ONLY_ACTIVE_ARCH = YES;
				SDKROOT = iphoneos;
			};
			name = Debug;
		};
		9CA623FB169591AC003F6334 /* Release */ = {
			isa = XCBuildConfiguration;
			buildSettings = {
				ALWAYS_SEARCH_USER_PATHS = NO;
				CLANG_CXX_LANGUAGE_STANDARD = "gnu++0x";
				CLANG_CXX_LIBRARY = "libc++";
				CLANG_ENABLE_OBJC_ARC = YES;
				CLANG_WARN_EMPTY_BODY = YES;
				CLANG_WARN__DUPLICATE_METHOD_MATCH = YES;
				"CODE_SIGN_IDENTITY[sdk=iphoneos*]" = "iPhone Developer";
				COPY_PHASE_STRIP = YES;
				GCC_C_LANGUAGE_STANDARD = gnu99;
				GCC_WARN_ABOUT_RETURN_TYPE = YES;
				GCC_WARN_UNINITIALIZED_AUTOS = YES;
				GCC_WARN_UNUSED_VARIABLE = YES;
				IPHONEOS_DEPLOYMENT_TARGET = 6.0;
				OTHER_CFLAGS = "-DNS_BLOCK_ASSERTIONS=1";
				SDKROOT = iphoneos;
				VALIDATE_PRODUCT = YES;
			};
			name = Release;
		};
		9CA623FD169591AC003F6334 /* Debug */ = {
			isa = XCBuildConfiguration;
			baseConfigurationReference = 99F1E7367826DA1FED34C34F /* Pods.debug.xcconfig */;
			buildSettings = {
				ASSETCATALOG_COMPILER_APPICON_NAME = AppIcon;
				CLANG_ALLOW_NON_MODULAR_INCLUDES_IN_FRAMEWORK_MODULES = YES;
				CLANG_ENABLE_MODULES = YES;
				FRAMEWORK_SEARCH_PATHS = (
					"$(inherited)",
					"$(PROJECT_DIR)/Frameworks",
					"/Users/matanvardi/Downloads/parse-library-1.8.0",
					2,
				);
				GCC_PRECOMPILE_PREFIX_HEADER = YES;
				GCC_PREFIX_HEADER = "YTBrowser/YTBrowser-Prefix.pch";
				INFOPLIST_FILE = "YTBrowser/YTBrowser-Info.plist";
				IPHONEOS_DEPLOYMENT_TARGET = 8.0;
				LIBRARY_SEARCH_PATHS = (
					"$(inherited)",
					"/Users/matanvardi/Downloads/XCDYouTubeKit-master/build/Debug-iphoneos",
					"$(PROJECT_DIR)/XCDYouTubeKit-master/build/Debug-iphoneos",
				);
				PRODUCT_NAME = "$(TARGET_NAME)";
				WRAPPER_EXTENSION = app;
			};
			name = Debug;
		};
		9CA623FE169591AC003F6334 /* Release */ = {
			isa = XCBuildConfiguration;
			baseConfigurationReference = E39520E43AA5860009ADA7D1 /* Pods.release.xcconfig */;
			buildSettings = {
				ASSETCATALOG_COMPILER_APPICON_NAME = AppIcon;
				CLANG_ALLOW_NON_MODULAR_INCLUDES_IN_FRAMEWORK_MODULES = YES;
				CLANG_ENABLE_MODULES = YES;
				FRAMEWORK_SEARCH_PATHS = (
					"$(inherited)",
					"$(PROJECT_DIR)/Frameworks",
					"/Users/matanvardi/Downloads/parse-library-1.8.0",
					2,
				);
				GCC_PRECOMPILE_PREFIX_HEADER = YES;
				GCC_PREFIX_HEADER = "YTBrowser/YTBrowser-Prefix.pch";
				INFOPLIST_FILE = "YTBrowser/YTBrowser-Info.plist";
				IPHONEOS_DEPLOYMENT_TARGET = 8.0;
				LIBRARY_SEARCH_PATHS = (
					"$(inherited)",
					"/Users/matanvardi/Downloads/XCDYouTubeKit-master/build/Debug-iphoneos",
					"$(PROJECT_DIR)/XCDYouTubeKit-master/build/Debug-iphoneos",
				);
				PRODUCT_NAME = "$(TARGET_NAME)";
				WRAPPER_EXTENSION = app;
			};
			name = Release;
		};
/* End XCBuildConfiguration section */

/* Begin XCConfigurationList section */
		9CA623D2169591AC003F6334 /* Build configuration list for PBXProject "YTBrowser" */ = {
			isa = XCConfigurationList;
			buildConfigurations = (
				9CA623FA169591AC003F6334 /* Debug */,
				9CA623FB169591AC003F6334 /* Release */,
			);
			defaultConfigurationIsVisible = 0;
			defaultConfigurationName = Release;
		};
		9CA623FC169591AC003F6334 /* Build configuration list for PBXNativeTarget "YTBrowser" */ = {
			isa = XCConfigurationList;
			buildConfigurations = (
				9CA623FD169591AC003F6334 /* Debug */,
				9CA623FE169591AC003F6334 /* Release */,
			);
			defaultConfigurationIsVisible = 0;
			defaultConfigurationName = Release;
		};
/* End XCConfigurationList section */

/* Begin XCVersionGroup section */
		309AE31F1B094D61004CF1E2 /* Model.xcdatamodeld */ = {
			isa = XCVersionGroup;
			children = (
				309AE3201B094D61004CF1E2 /* Model.xcdatamodel */,
			);
			currentVersion = 309AE3201B094D61004CF1E2 /* Model.xcdatamodel */;
			path = Model.xcdatamodeld;
			sourceTree = "<group>";
			versionGroupType = wrapper.xcdatamodel;
		};
/* End XCVersionGroup section */
	};
	rootObject = 9CA623CF169591AC003F6334 /* Project object */;
}
